// !$*UTF8*$!
{
	archiveVersion = 1;
	classes = {
	};
	objectVersion = 50;
	objects = {

/* Begin PBXBuildFile section */
		3B8BB2A323E81A3F00CA73F5 /* AppDelegate.swift in Sources */ = {isa = PBXBuildFile; fileRef = 3B8BB2A223E81A3F00CA73F5 /* AppDelegate.swift */; };
		3B8BB2A523E81A3F00CA73F5 /* SceneDelegate.swift in Sources */ = {isa = PBXBuildFile; fileRef = 3B8BB2A423E81A3F00CA73F5 /* SceneDelegate.swift */; };
		3B8BB2A723E81A3F00CA73F5 /* ContentView.swift in Sources */ = {isa = PBXBuildFile; fileRef = 3B8BB2A623E81A3F00CA73F5 /* ContentView.swift */; };
		3B8BB2A923E81A4000CA73F5 /* Assets.xcassets in Resources */ = {isa = PBXBuildFile; fileRef = 3B8BB2A823E81A4000CA73F5 /* Assets.xcassets */; };
		3B8BB2AC23E81A4000CA73F5 /* Preview Assets.xcassets in Resources */ = {isa = PBXBuildFile; fileRef = 3B8BB2AB23E81A4000CA73F5 /* Preview Assets.xcassets */; };
		3B8BB2AF23E81A4000CA73F5 /* LaunchScreen.storyboard in Resources */ = {isa = PBXBuildFile; fileRef = 3B8BB2AD23E81A4000CA73F5 /* LaunchScreen.storyboard */; };
		3B8BB2BA23E81A4000CA73F5 /* _1_Hello_SwiftUITests.swift in Sources */ = {isa = PBXBuildFile; fileRef = 3B8BB2B923E81A4000CA73F5 /* _1_Hello_SwiftUITests.swift */; };
/* End PBXBuildFile section */

/* Begin PBXContainerItemProxy section */
		3B8BB2B623E81A4000CA73F5 /* PBXContainerItemProxy */ = {
			isa = PBXContainerItemProxy;
			containerPortal = 3B8BB29723E81A3F00CA73F5 /* Project object */;
			proxyType = 1;
			remoteGlobalIDString = 3B8BB29E23E81A3F00CA73F5;
			remoteInfo = 01_Hello_SwiftUI;
		};
/* End PBXContainerItemProxy section */

/* Begin PBXFileReference section */
		3B8BB29F23E81A3F00CA73F5 /* 01_Hello_SwiftUI.app */ = {isa = PBXFileReference; explicitFileType = wrapper.application; includeInIndex = 0; path = 01_Hello_SwiftUI.app; sourceTree = BUILT_PRODUCTS_DIR; };
		3B8BB2A223E81A3F00CA73F5 /* AppDelegate.swift */ = {isa = PBXFileReference; lastKnownFileType = sourcecode.swift; path = AppDelegate.swift; sourceTree = "<group>"; };
		3B8BB2A423E81A3F00CA73F5 /* SceneDelegate.swift */ = {isa = PBXFileReference; lastKnownFileType = sourcecode.swift; path = SceneDelegate.swift; sourceTree = "<group>"; };
		3B8BB2A623E81A3F00CA73F5 /* ContentView.swift */ = {isa = PBXFileReference; lastKnownFileType = sourcecode.swift; path = ContentView.swift; sourceTree = "<group>"; };
		3B8BB2A823E81A4000CA73F5 /* Assets.xcassets */ = {isa = PBXFileReference; lastKnownFileType = folder.assetcatalog; path = Assets.xcassets; sourceTree = "<group>"; };
		3B8BB2AB23E81A4000CA73F5 /* Preview Assets.xcassets */ = {isa = PBXFileReference; lastKnownFileType = folder.assetcatalog; path = "Preview Assets.xcassets"; sourceTree = "<group>"; };
		3B8BB2AE23E81A4000CA73F5 /* Base */ = {isa = PBXFileReference; lastKnownFileType = file.storyboard; name = Base; path = Base.lproj/LaunchScreen.storyboard; sourceTree = "<group>"; };
		3B8BB2B023E81A4000CA73F5 /* Info.plist */ = {isa = PBXFileReference; lastKnownFileType = text.plist.xml; path = Info.plist; sourceTree = "<group>"; };
		3B8BB2B523E81A4000CA73F5 /* 01_Hello_SwiftUITests.xctest */ = {isa = PBXFileReference; explicitFileType = wrapper.cfbundle; includeInIndex = 0; path = 01_Hello_SwiftUITests.xctest; sourceTree = BUILT_PRODUCTS_DIR; };
		3B8BB2B923E81A4000CA73F5 /* _1_Hello_SwiftUITests.swift */ = {isa = PBXFileReference; lastKnownFileType = sourcecode.swift; path = _1_Hello_SwiftUITests.swift; sourceTree = "<group>"; };
		3B8BB2BB23E81A4000CA73F5 /* Info.plist */ = {isa = PBXFileReference; lastKnownFileType = text.plist.xml; path = Info.plist; sourceTree = "<group>"; };
/* End PBXFileReference section */

/* Begin PBXFrameworksBuildPhase section */
		3B8BB29C23E81A3F00CA73F5 /* Frameworks */ = {
			isa = PBXFrameworksBuildPhase;
			buildActionMask = 2147483647;
			files = (
			);
			runOnlyForDeploymentPostprocessing = 0;
		};
		3B8BB2B223E81A4000CA73F5 /* Frameworks */ = {
			isa = PBXFrameworksBuildPhase;
			buildActionMask = 2147483647;
			files = (
			);
			runOnlyForDeploymentPostprocessing = 0;
		};
/* End PBXFrameworksBuildPhase section */

/* Begin PBXGroup section */
		3B8BB29623E81A3F00CA73F5 = {
			isa = PBXGroup;
			children = (
				3B8BB2A123E81A3F00CA73F5 /* 01_Hello_SwiftUI */,
				3B8BB2B823E81A4000CA73F5 /* 01_Hello_SwiftUITests */,
				3B8BB2A023E81A3F00CA73F5 /* Products */,
			);
			sourceTree = "<group>";
		};
		3B8BB2A023E81A3F00CA73F5 /* Products */ = {
			isa = PBXGroup;
			children = (
				3B8BB29F23E81A3F00CA73F5 /* 01_Hello_SwiftUI.app */,
				3B8BB2B523E81A4000CA73F5 /* 01_Hello_SwiftUITests.xctest */,
			);
			name = Products;
			sourceTree = "<group>";
		};
		3B8BB2A123E81A3F00CA73F5 /* 01_Hello_SwiftUI */ = {
			isa = PBXGroup;
			children = (
				3B8BB2A223E81A3F00CA73F5 /* AppDelegate.swift */,
				3B8BB2A423E81A3F00CA73F5 /* SceneDelegate.swift */,
				3B8BB2A623E81A3F00CA73F5 /* ContentView.swift */,
				3B8BB2A823E81A4000CA73F5 /* Assets.xcassets */,
				3B8BB2AD23E81A4000CA73F5 /* LaunchScreen.storyboard */,
				3B8BB2B023E81A4000CA73F5 /* Info.plist */,
				3B8BB2AA23E81A4000CA73F5 /* Preview Content */,
			);
			path = 01_Hello_SwiftUI;
			sourceTree = "<group>";
		};
		3B8BB2AA23E81A4000CA73F5 /* Preview Content */ = {
			isa = PBXGroup;
			children = (
				3B8BB2AB23E81A4000CA73F5 /* Preview Assets.xcassets */,
			);
			path = "Preview Content";
			sourceTree = "<group>";
		};
		3B8BB2B823E81A4000CA73F5 /* 01_Hello_SwiftUITests */ = {
			isa = PBXGroup;
			children = (
				3B8BB2B923E81A4000CA73F5 /* _1_Hello_SwiftUITests.swift */,
				3B8BB2BB23E81A4000CA73F5 /* Info.plist */,
			);
			path = 01_Hello_SwiftUITests;
			sourceTree = "<group>";
		};
/* End PBXGroup section */

/* Begin PBXNativeTarget section */
		3B8BB29E23E81A3F00CA73F5 /* 01_Hello_SwiftUI */ = {
			isa = PBXNativeTarget;
			buildConfigurationList = 3B8BB2BE23E81A4000CA73F5 /* Build configuration list for PBXNativeTarget "01_Hello_SwiftUI" */;
			buildPhases = (
				3B8BB29B23E81A3F00CA73F5 /* Sources */,
				3B8BB29C23E81A3F00CA73F5 /* Frameworks */,
				3B8BB29D23E81A3F00CA73F5 /* Resources */,
			);
			buildRules = (
			);
			dependencies = (
			);
			name = 01_Hello_SwiftUI;
			productName = 01_Hello_SwiftUI;
			productReference = 3B8BB29F23E81A3F00CA73F5 /* 01_Hello_SwiftUI.app */;
			productType = "com.apple.product-type.application";
		};
		3B8BB2B423E81A4000CA73F5 /* 01_Hello_SwiftUITests */ = {
			isa = PBXNativeTarget;
			buildConfigurationList = 3B8BB2C123E81A4000CA73F5 /* Build configuration list for PBXNativeTarget "01_Hello_SwiftUITests" */;
			buildPhases = (
				3B8BB2B123E81A4000CA73F5 /* Sources */,
				3B8BB2B223E81A4000CA73F5 /* Frameworks */,
				3B8BB2B323E81A4000CA73F5 /* Resources */,
			);
			buildRules = (
			);
			dependencies = (
				3B8BB2B723E81A4000CA73F5 /* PBXTargetDependency */,
			);
			name = 01_Hello_SwiftUITests;
			productName = 01_Hello_SwiftUITests;
			productReference = 3B8BB2B523E81A4000CA73F5 /* 01_Hello_SwiftUITests.xctest */;
			productType = "com.apple.product-type.bundle.unit-test";
		};
/* End PBXNativeTarget section */

/* Begin PBXProject section */
		3B8BB29723E81A3F00CA73F5 /* Project object */ = {
			isa = PBXProject;
			attributes = {
				LastSwiftUpdateCheck = 1130;
				LastUpgradeCheck = 1130;
				ORGANIZATIONNAME = leico_studio;
				TargetAttributes = {
					3B8BB29E23E81A3F00CA73F5 = {
						CreatedOnToolsVersion = 11.3.1;
					};
					3B8BB2B423E81A4000CA73F5 = {
						CreatedOnToolsVersion = 11.3.1;
						TestTargetID = 3B8BB29E23E81A3F00CA73F5;
					};
				};
			};
			buildConfigurationList = 3B8BB29A23E81A3F00CA73F5 /* Build configuration list for PBXProject "01_Hello_SwiftUI" */;
			compatibilityVersion = "Xcode 9.3";
			developmentRegion = en;
			hasScannedForEncodings = 0;
			knownRegions = (
				en,
				Base,
			);
			mainGroup = 3B8BB29623E81A3F00CA73F5;
			productRefGroup = 3B8BB2A023E81A3F00CA73F5 /* Products */;
			projectDirPath = "";
			projectRoot = "";
			targets = (
				3B8BB29E23E81A3F00CA73F5 /* 01_Hello_SwiftUI */,
				3B8BB2B423E81A4000CA73F5 /* 01_Hello_SwiftUITests */,
			);
		};
/* End PBXProject section */

/* Begin PBXResourcesBuildPhase section */
		3B8BB29D23E81A3F00CA73F5 /* Resources */ = {
			isa = PBXResourcesBuildPhase;
			buildActionMask = 2147483647;
			files = (
				3B8BB2AF23E81A4000CA73F5 /* LaunchScreen.storyboard in Resources */,
				3B8BB2AC23E81A4000CA73F5 /* Preview Assets.xcassets in Resources */,
				3B8BB2A923E81A4000CA73F5 /* Assets.xcassets in Resources */,
			);
			runOnlyForDeploymentPostprocessing = 0;
		};
		3B8BB2B323E81A4000CA73F5 /* Resources */ = {
			isa = PBXResourcesBuildPhase;
			buildActionMask = 2147483647;
			files = (
			);
			runOnlyForDeploymentPostprocessing = 0;
		};
/* End PBXResourcesBuildPhase section */

/* Begin PBXSourcesBuildPhase section */
		3B8BB29B23E81A3F00CA73F5 /* Sources */ = {
			isa = PBXSourcesBuildPhase;
			buildActionMask = 2147483647;
			files = (
				3B8BB2A323E81A3F00CA73F5 /* AppDelegate.swift in Sources */,
				3B8BB2A523E81A3F00CA73F5 /* SceneDelegate.swift in Sources */,
				3B8BB2A723E81A3F00CA73F5 /* ContentView.swift in Sources */,
			);
			runOnlyForDeploymentPostprocessing = 0;
		};
		3B8BB2B123E81A4000CA73F5 /* Sources */ = {
			isa = PBXSourcesBuildPhase;
			buildActionMask = 2147483647;
			files = (
				3B8BB2BA23E81A4000CA73F5 /* _1_Hello_SwiftUITests.swift in Sources */,
			);
			runOnlyForDeploymentPostprocessing = 0;
		};
/* End PBXSourcesBuildPhase section */

/* Begin PBXTargetDependency section */
		3B8BB2B723E81A4000CA73F5 /* PBXTargetDependency */ = {
			isa = PBXTargetDependency;
			target = 3B8BB29E23E81A3F00CA73F5 /* 01_Hello_SwiftUI */;
			targetProxy = 3B8BB2B623E81A4000CA73F5 /* PBXContainerItemProxy */;
		};
/* End PBXTargetDependency section */

/* Begin PBXVariantGroup section */
		3B8BB2AD23E81A4000CA73F5 /* LaunchScreen.storyboard */ = {
			isa = PBXVariantGroup;
			children = (
				3B8BB2AE23E81A4000CA73F5 /* Base */,
			);
			name = LaunchScreen.storyboard;
			sourceTree = "<group>";
		};
/* End PBXVariantGroup section */

/* Begin XCBuildConfiguration section */
		3B8BB2BC23E81A4000CA73F5 /* Debug */ = {
			isa = XCBuildConfiguration;
			buildSettings = {
				ALWAYS_SEARCH_USER_PATHS = NO;
				CLANG_ANALYZER_NONNULL = YES;
				CLANG_ANALYZER_NUMBER_OBJECT_CONVERSION = YES_AGGRESSIVE;
				CLANG_CXX_LANGUAGE_STANDARD = "gnu++14";
				CLANG_CXX_LIBRARY = "libc++";
				CLANG_ENABLE_MODULES = YES;
				CLANG_ENABLE_OBJC_ARC = YES;
				CLANG_ENABLE_OBJC_WEAK = YES;
				CLANG_WARN_BLOCK_CAPTURE_AUTORELEASING = YES;
				CLANG_WARN_BOOL_CONVERSION = YES;
				CLANG_WARN_COMMA = YES;
				CLANG_WARN_CONSTANT_CONVERSION = YES;
				CLANG_WARN_DEPRECATED_OBJC_IMPLEMENTATIONS = YES;
				CLANG_WARN_DIRECT_OBJC_ISA_USAGE = YES_ERROR;
				CLANG_WARN_DOCUMENTATION_COMMENTS = YES;
				CLANG_WARN_EMPTY_BODY = YES;
				CLANG_WARN_ENUM_CONVERSION = YES;
				CLANG_WARN_INFINITE_RECURSION = YES;
				CLANG_WARN_INT_CONVERSION = YES;
				CLANG_WARN_NON_LITERAL_NULL_CONVERSION = YES;
				CLANG_WARN_OBJC_IMPLICIT_RETAIN_SELF = YES;
				CLANG_WARN_OBJC_LITERAL_CONVERSION = YES;
				CLANG_WARN_OBJC_ROOT_CLASS = YES_ERROR;
				CLANG_WARN_RANGE_LOOP_ANALYSIS = YES;
				CLANG_WARN_STRICT_PROTOTYPES = YES;
				CLANG_WARN_SUSPICIOUS_MOVE = YES;
				CLANG_WARN_UNGUARDED_AVAILABILITY = YES_AGGRESSIVE;
				CLANG_WARN_UNREACHABLE_CODE = YES;
				CLANG_WARN__DUPLICATE_METHOD_MATCH = YES;
				COPY_PHASE_STRIP = NO;
				DEBUG_INFORMATION_FORMAT = dwarf;
				ENABLE_STRICT_OBJC_MSGSEND = YES;
				ENABLE_TESTABILITY = YES;
				GCC_C_LANGUAGE_STANDARD = gnu11;
				GCC_DYNAMIC_NO_PIC = NO;
				GCC_NO_COMMON_BLOCKS = YES;
				GCC_OPTIMIZATION_LEVEL = 0;
				GCC_PREPROCESSOR_DEFINITIONS = (
					"DEBUG=1",
					"$(inherited)",
				);
				GCC_WARN_64_TO_32_BIT_CONVERSION = YES;
				GCC_WARN_ABOUT_RETURN_TYPE = YES_ERROR;
				GCC_WARN_UNDECLARED_SELECTOR = YES;
				GCC_WARN_UNINITIALIZED_AUTOS = YES_AGGRESSIVE;
				GCC_WARN_UNUSED_FUNCTION = YES;
				GCC_WARN_UNUSED_VARIABLE = YES;
				IPHONEOS_DEPLOYMENT_TARGET = 13.2;
				MTL_ENABLE_DEBUG_INFO = INCLUDE_SOURCE;
				MTL_FAST_MATH = YES;
				ONLY_ACTIVE_ARCH = YES;
				SDKROOT = iphoneos;
				SWIFT_ACTIVE_COMPILATION_CONDITIONS = DEBUG;
				SWIFT_OPTIMIZATION_LEVEL = "-Onone";
			};
			name = Debug;
		};
		3B8BB2BD23E81A4000CA73F5 /* Release */ = {
			isa = XCBuildConfiguration;
			buildSettings = {
				ALWAYS_SEARCH_USER_PATHS = NO;
				CLANG_ANALYZER_NONNULL = YES;
				CLANG_ANALYZER_NUMBER_OBJECT_CONVERSION = YES_AGGRESSIVE;
				CLANG_CXX_LANGUAGE_STANDARD = "gnu++14";
				CLANG_CXX_LIBRARY = "libc++";
				CLANG_ENABLE_MODULES = YES;
				CLANG_ENABLE_OBJC_ARC = YES;
				CLANG_ENABLE_OBJC_WEAK = YES;
				CLANG_WARN_BLOCK_CAPTURE_AUTORELEASING = YES;
				CLANG_WARN_BOOL_CONVERSION = YES;
				CLANG_WARN_COMMA = YES;
				CLANG_WARN_CONSTANT_CONVERSION = YES;
				CLANG_WARN_DEPRECATED_OBJC_IMPLEMENTATIONS = YES;
				CLANG_WARN_DIRECT_OBJC_ISA_USAGE = YES_ERROR;
				CLANG_WARN_DOCUMENTATION_COMMENTS = YES;
				CLANG_WARN_EMPTY_BODY = YES;
				CLANG_WARN_ENUM_CONVERSION = YES;
				CLANG_WARN_INFINITE_RECURSION = YES;
				CLANG_WARN_INT_CONVERSION = YES;
				CLANG_WARN_NON_LITERAL_NULL_CONVERSION = YES;
				CLANG_WARN_OBJC_IMPLICIT_RETAIN_SELF = YES;
				CLANG_WARN_OBJC_LITERAL_CONVERSION = YES;
				CLANG_WARN_OBJC_ROOT_CLASS = YES_ERROR;
				CLANG_WARN_RANGE_LOOP_ANALYSIS = YES;
				CLANG_WARN_STRICT_PROTOTYPES = YES;
				CLANG_WARN_SUSPICIOUS_MOVE = YES;
				CLANG_WARN_UNGUARDED_AVAILABILITY = YES_AGGRESSIVE;
				CLANG_WARN_UNREACHABLE_CODE = YES;
				CLANG_WARN__DUPLICATE_METHOD_MATCH = YES;
				COPY_PHASE_STRIP = NO;
				DEBUG_INFORMATION_FORMAT = "dwarf-with-dsym";
				ENABLE_NS_ASSERTIONS = NO;
				ENABLE_STRICT_OBJC_MSGSEND = YES;
				GCC_C_LANGUAGE_STANDARD = gnu11;
				GCC_NO_COMMON_BLOCKS = YES;
				GCC_WARN_64_TO_32_BIT_CONVERSION = YES;
				GCC_WARN_ABOUT_RETURN_TYPE = YES_ERROR;
				GCC_WARN_UNDECLARED_SELECTOR = YES;
				GCC_WARN_UNINITIALIZED_AUTOS = YES_AGGRESSIVE;
				GCC_WARN_UNUSED_FUNCTION = YES;
				GCC_WARN_UNUSED_VARIABLE = YES;
				IPHONEOS_DEPLOYMENT_TARGET = 13.2;
				MTL_ENABLE_DEBUG_INFO = NO;
				MTL_FAST_MATH = YES;
				SDKROOT = iphoneos;
				SWIFT_COMPILATION_MODE = wholemodule;
				SWIFT_OPTIMIZATION_LEVEL = "-O";
				VALIDATE_PRODUCT = YES;
			};
			name = Release;
		};
		3B8BB2BF23E81A4000CA73F5 /* Debug */ = {
			isa = XCBuildConfiguration;
			buildSettings = {
				ASSETCATALOG_COMPILER_APPICON_NAME = AppIcon;
				CODE_SIGN_STYLE = Automatic;
				DEVELOPMENT_ASSET_PATHS = "\"01_Hello_SwiftUI/Preview Content\"";
				DEVELOPMENT_TEAM = AUK8JN73R5;
				ENABLE_PREVIEWS = YES;
				INFOPLIST_FILE = 01_Hello_SwiftUI/Info.plist;
				LD_RUNPATH_SEARCH_PATHS = (
					"$(inherited)",
					"@executable_path/Frameworks",
				);
				PRODUCT_BUNDLE_IDENTIFIER = "com.example.-1-Hello-SwiftUI";
				PRODUCT_NAME = "$(TARGET_NAME)";
				SWIFT_VERSION = 5.0;
				TARGETED_DEVICE_FAMILY = "1,2";
			};
			name = Debug;
		};
		3B8BB2C023E81A4000CA73F5 /* Release */ = {
			isa = XCBuildConfiguration;
			buildSettings = {
				ASSETCATALOG_COMPILER_APPICON_NAME = AppIcon;
				CODE_SIGN_STYLE = Automatic;
				DEVELOPMENT_ASSET_PATHS = "\"01_Hello_SwiftUI/Preview Content\"";
				DEVELOPMENT_TEAM = AUK8JN73R5;
				ENABLE_PREVIEWS = YES;
				INFOPLIST_FILE = 01_Hello_SwiftUI/Info.plist;
				LD_RUNPATH_SEARCH_PATHS = (
					"$(inherited)",
					"@executable_path/Frameworks",
				);
				PRODUCT_BUNDLE_IDENTIFIER = "com.example.-1-Hello-SwiftUI";
				PRODUCT_NAME = "$(TARGET_NAME)";
				SWIFT_VERSION = 5.0;
				TARGETED_DEVICE_FAMILY = "1,2";
			};
			name = Release;
		};
		3B8BB2C223E81A4000CA73F5 /* Debug */ = {
			isa = XCBuildConfiguration;
			buildSettings = {
				ALWAYS_EMBED_SWIFT_STANDARD_LIBRARIES = YES;
				BUNDLE_LOADER = "$(TEST_HOST)";
				CODE_SIGN_STYLE = Automatic;
				DEVELOPMENT_TEAM = AUK8JN73R5;
				INFOPLIST_FILE = 01_Hello_SwiftUITests/Info.plist;
				IPHONEOS_DEPLOYMENT_TARGET = 13.2;
				LD_RUNPATH_SEARCH_PATHS = (
					"$(inherited)",
					"@executable_path/Frameworks",
					"@loader_path/Frameworks",
				);
				PRODUCT_BUNDLE_IDENTIFIER = "com.example.-1-Hello-SwiftUITests";
				PRODUCT_NAME = "$(TARGET_NAME)";
				SWIFT_VERSION = 5.0;
				TARGETED_DEVICE_FAMILY = "1,2";
				TEST_HOST = "$(BUILT_PRODUCTS_DIR)/01_Hello_SwiftUI.app/01_Hello_SwiftUI";
			};
			name = Debug;
		};
		3B8BB2C323E81A4000CA73F5 /* Release */ = {
			isa = XCBuildConfiguration;
			buildSettings = {
				ALWAYS_EMBED_SWIFT_STANDARD_LIBRARIES = YES;
				BUNDLE_LOADER = "$(TEST_HOST)";
				CODE_SIGN_STYLE = Automatic;
				DEVELOPMENT_TEAM = AUK8JN73R5;
				INFOPLIST_FILE = 01_Hello_SwiftUITests/Info.plist;
				IPHONEOS_DEPLOYMENT_TARGET = 13.2;
				LD_RUNPATH_SEARCH_PATHS = (
					"$(inherited)",
					"@executable_path/Frameworks",
					"@loader_path/Frameworks",
				);
				PRODUCT_BUNDLE_IDENTIFIER = "com.example.-1-Hello-SwiftUITests";
				PRODUCT_NAME = "$(TARGET_NAME)";
				SWIFT_VERSION = 5.0;
				TARGETED_DEVICE_FAMILY = "1,2";
				TEST_HOST = "$(BUILT_PRODUCTS_DIR)/01_Hello_SwiftUI.app/01_Hello_SwiftUI";
			};
			name = Release;
		};
/* End XCBuildConfiguration section */

/* Begin XCConfigurationList section */
		3B8BB29A23E81A3F00CA73F5 /* Build configuration list for PBXProject "01_Hello_SwiftUI" */ = {
			isa = XCConfigurationList;
			buildConfigurations = (
				3B8BB2BC23E81A4000CA73F5 /* Debug */,
				3B8BB2BD23E81A4000CA73F5 /* Release */,
			);
			defaultConfigurationIsVisible = 0;
			defaultConfigurationName = Release;
		};
		3B8BB2BE23E81A4000CA73F5 /* Build configuration list for PBXNativeTarget "01_Hello_SwiftUI" */ = {
			isa = XCConfigurationList;
			buildConfigurations = (
				3B8BB2BF23E81A4000CA73F5 /* Debug */,
				3B8BB2C023E81A4000CA73F5 /* Release */,
			);
			defaultConfigurationIsVisible = 0;
			defaultConfigurationName = Release;
		};
		3B8BB2C123E81A4000CA73F5 /* Build configuration list for PBXNativeTarget "01_Hello_SwiftUITests" */ = {
			isa = XCConfigurationList;
			buildConfigurations = (
				3B8BB2C223E81A4000CA73F5 /* Debug */,
				3B8BB2C323E81A4000CA73F5 /* Release */,
			);
			defaultConfigurationIsVisible = 0;
			defaultConfigurationName = Release;
		};
/* End XCConfigurationList section */
	};
	rootObject = 3B8BB29723E81A3F00CA73F5 /* Project object */;
}
