// !$*UTF8*$!
{
	archiveVersion = 1;
	classes = {
	};
	objectVersion = 50;
	objects = {

/* Begin PBXBuildFile section */
		3B8BB2D123E8211100CA73F5 /* AppDelegate.swift in Sources */ = {isa = PBXBuildFile; fileRef = 3B8BB2D023E8211100CA73F5 /* AppDelegate.swift */; };
		3B8BB2D323E8211100CA73F5 /* SceneDelegate.swift in Sources */ = {isa = PBXBuildFile; fileRef = 3B8BB2D223E8211100CA73F5 /* SceneDelegate.swift */; };
		3B8BB2D523E8211100CA73F5 /* ContentView.swift in Sources */ = {isa = PBXBuildFile; fileRef = 3B8BB2D423E8211100CA73F5 /* ContentView.swift */; };
		3B8BB2D723E8211200CA73F5 /* Assets.xcassets in Resources */ = {isa = PBXBuildFile; fileRef = 3B8BB2D623E8211200CA73F5 /* Assets.xcassets */; };
		3B8BB2DA23E8211200CA73F5 /* Preview Assets.xcassets in Resources */ = {isa = PBXBuildFile; fileRef = 3B8BB2D923E8211200CA73F5 /* Preview Assets.xcassets */; };
		3B8BB2DD23E8211200CA73F5 /* LaunchScreen.storyboard in Resources */ = {isa = PBXBuildFile; fileRef = 3B8BB2DB23E8211200CA73F5 /* LaunchScreen.storyboard */; };
		3B8BB2E823E8211200CA73F5 /* _2_TextViewTests.swift in Sources */ = {isa = PBXBuildFile; fileRef = 3B8BB2E723E8211200CA73F5 /* _2_TextViewTests.swift */; };
/* End PBXBuildFile section */

/* Begin PBXContainerItemProxy section */
		3B8BB2E423E8211200CA73F5 /* PBXContainerItemProxy */ = {
			isa = PBXContainerItemProxy;
			containerPortal = 3B8BB2C523E8211100CA73F5 /* Project object */;
			proxyType = 1;
			remoteGlobalIDString = 3B8BB2CC23E8211100CA73F5;
			remoteInfo = 02_TextView;
		};
/* End PBXContainerItemProxy section */

/* Begin PBXFileReference section */
		3B8BB2CD23E8211100CA73F5 /* 02_TextView.app */ = {isa = PBXFileReference; explicitFileType = wrapper.application; includeInIndex = 0; path = 02_TextView.app; sourceTree = BUILT_PRODUCTS_DIR; };
		3B8BB2D023E8211100CA73F5 /* AppDelegate.swift */ = {isa = PBXFileReference; lastKnownFileType = sourcecode.swift; path = AppDelegate.swift; sourceTree = "<group>"; };
		3B8BB2D223E8211100CA73F5 /* SceneDelegate.swift */ = {isa = PBXFileReference; lastKnownFileType = sourcecode.swift; path = SceneDelegate.swift; sourceTree = "<group>"; };
		3B8BB2D423E8211100CA73F5 /* ContentView.swift */ = {isa = PBXFileReference; lastKnownFileType = sourcecode.swift; path = ContentView.swift; sourceTree = "<group>"; };
		3B8BB2D623E8211200CA73F5 /* Assets.xcassets */ = {isa = PBXFileReference; lastKnownFileType = folder.assetcatalog; path = Assets.xcassets; sourceTree = "<group>"; };
		3B8BB2D923E8211200CA73F5 /* Preview Assets.xcassets */ = {isa = PBXFileReference; lastKnownFileType = folder.assetcatalog; path = "Preview Assets.xcassets"; sourceTree = "<group>"; };
		3B8BB2DC23E8211200CA73F5 /* Base */ = {isa = PBXFileReference; lastKnownFileType = file.storyboard; name = Base; path = Base.lproj/LaunchScreen.storyboard; sourceTree = "<group>"; };
		3B8BB2DE23E8211200CA73F5 /* Info.plist */ = {isa = PBXFileReference; lastKnownFileType = text.plist.xml; path = Info.plist; sourceTree = "<group>"; };
		3B8BB2E323E8211200CA73F5 /* 02_TextViewTests.xctest */ = {isa = PBXFileReference; explicitFileType = wrapper.cfbundle; includeInIndex = 0; path = 02_TextViewTests.xctest; sourceTree = BUILT_PRODUCTS_DIR; };
		3B8BB2E723E8211200CA73F5 /* _2_TextViewTests.swift */ = {isa = PBXFileReference; lastKnownFileType = sourcecode.swift; path = _2_TextViewTests.swift; sourceTree = "<group>"; };
		3B8BB2E923E8211200CA73F5 /* Info.plist */ = {isa = PBXFileReference; lastKnownFileType = text.plist.xml; path = Info.plist; sourceTree = "<group>"; };
/* End PBXFileReference section */

/* Begin PBXFrameworksBuildPhase section */
		3B8BB2CA23E8211100CA73F5 /* Frameworks */ = {
			isa = PBXFrameworksBuildPhase;
			buildActionMask = 2147483647;
			files = (
			);
			runOnlyForDeploymentPostprocessing = 0;
		};
		3B8BB2E023E8211200CA73F5 /* Frameworks */ = {
			isa = PBXFrameworksBuildPhase;
			buildActionMask = 2147483647;
			files = (
			);
			runOnlyForDeploymentPostprocessing = 0;
		};
/* End PBXFrameworksBuildPhase section */

/* Begin PBXGroup section */
		3B8BB2C423E8211100CA73F5 = {
			isa = PBXGroup;
			children = (
				3B8BB2CF23E8211100CA73F5 /* 02_TextView */,
				3B8BB2E623E8211200CA73F5 /* 02_TextViewTests */,
				3B8BB2CE23E8211100CA73F5 /* Products */,
			);
			sourceTree = "<group>";
		};
		3B8BB2CE23E8211100CA73F5 /* Products */ = {
			isa = PBXGroup;
			children = (
				3B8BB2CD23E8211100CA73F5 /* 02_TextView.app */,
				3B8BB2E323E8211200CA73F5 /* 02_TextViewTests.xctest */,
			);
			name = Products;
			sourceTree = "<group>";
		};
		3B8BB2CF23E8211100CA73F5 /* 02_TextView */ = {
			isa = PBXGroup;
			children = (
				3B8BB2D023E8211100CA73F5 /* AppDelegate.swift */,
				3B8BB2D223E8211100CA73F5 /* SceneDelegate.swift */,
				3B8BB2D423E8211100CA73F5 /* ContentView.swift */,
				3B8BB2D623E8211200CA73F5 /* Assets.xcassets */,
				3B8BB2DB23E8211200CA73F5 /* LaunchScreen.storyboard */,
				3B8BB2DE23E8211200CA73F5 /* Info.plist */,
				3B8BB2D823E8211200CA73F5 /* Preview Content */,
			);
			path = 02_TextView;
			sourceTree = "<group>";
		};
		3B8BB2D823E8211200CA73F5 /* Preview Content */ = {
			isa = PBXGroup;
			children = (
				3B8BB2D923E8211200CA73F5 /* Preview Assets.xcassets */,
			);
			path = "Preview Content";
			sourceTree = "<group>";
		};
		3B8BB2E623E8211200CA73F5 /* 02_TextViewTests */ = {
			isa = PBXGroup;
			children = (
				3B8BB2E723E8211200CA73F5 /* _2_TextViewTests.swift */,
				3B8BB2E923E8211200CA73F5 /* Info.plist */,
			);
			path = 02_TextViewTests;
			sourceTree = "<group>";
		};
/* End PBXGroup section */

/* Begin PBXNativeTarget section */
		3B8BB2CC23E8211100CA73F5 /* 02_TextView */ = {
			isa = PBXNativeTarget;
			buildConfigurationList = 3B8BB2EC23E8211200CA73F5 /* Build configuration list for PBXNativeTarget "02_TextView" */;
			buildPhases = (
				3B8BB2C923E8211100CA73F5 /* Sources */,
				3B8BB2CA23E8211100CA73F5 /* Frameworks */,
				3B8BB2CB23E8211100CA73F5 /* Resources */,
			);
			buildRules = (
			);
			dependencies = (
			);
			name = 02_TextView;
			productName = 02_TextView;
			productReference = 3B8BB2CD23E8211100CA73F5 /* 02_TextView.app */;
			productType = "com.apple.product-type.application";
		};
		3B8BB2E223E8211200CA73F5 /* 02_TextViewTests */ = {
			isa = PBXNativeTarget;
			buildConfigurationList = 3B8BB2EF23E8211200CA73F5 /* Build configuration list for PBXNativeTarget "02_TextViewTests" */;
			buildPhases = (
				3B8BB2DF23E8211200CA73F5 /* Sources */,
				3B8BB2E023E8211200CA73F5 /* Frameworks */,
				3B8BB2E123E8211200CA73F5 /* Resources */,
			);
			buildRules = (
			);
			dependencies = (
				3B8BB2E523E8211200CA73F5 /* PBXTargetDependency */,
			);
			name = 02_TextViewTests;
			productName = 02_TextViewTests;
			productReference = 3B8BB2E323E8211200CA73F5 /* 02_TextViewTests.xctest */;
			productType = "com.apple.product-type.bundle.unit-test";
		};
/* End PBXNativeTarget section */

/* Begin PBXProject section */
		3B8BB2C523E8211100CA73F5 /* Project object */ = {
			isa = PBXProject;
			attributes = {
				LastSwiftUpdateCheck = 1130;
				LastUpgradeCheck = 1130;
				ORGANIZATIONNAME = leico_studio;
				TargetAttributes = {
					3B8BB2CC23E8211100CA73F5 = {
						CreatedOnToolsVersion = 11.3.1;
					};
					3B8BB2E223E8211200CA73F5 = {
						CreatedOnToolsVersion = 11.3.1;
						TestTargetID = 3B8BB2CC23E8211100CA73F5;
					};
				};
			};
			buildConfigurationList = 3B8BB2C823E8211100CA73F5 /* Build configuration list for PBXProject "02_TextView" */;
			compatibilityVersion = "Xcode 9.3";
			developmentRegion = en;
			hasScannedForEncodings = 0;
			knownRegions = (
				en,
				Base,
			);
			mainGroup = 3B8BB2C423E8211100CA73F5;
			productRefGroup = 3B8BB2CE23E8211100CA73F5 /* Products */;
			projectDirPath = "";
			projectRoot = "";
			targets = (
				3B8BB2CC23E8211100CA73F5 /* 02_TextView */,
				3B8BB2E223E8211200CA73F5 /* 02_TextViewTests */,
			);
		};
/* End PBXProject section */

/* Begin PBXResourcesBuildPhase section */
		3B8BB2CB23E8211100CA73F5 /* Resources */ = {
			isa = PBXResourcesBuildPhase;
			buildActionMask = 2147483647;
			files = (
				3B8BB2DD23E8211200CA73F5 /* LaunchScreen.storyboard in Resources */,
				3B8BB2DA23E8211200CA73F5 /* Preview Assets.xcassets in Resources */,
				3B8BB2D723E8211200CA73F5 /* Assets.xcassets in Resources */,
			);
			runOnlyForDeploymentPostprocessing = 0;
		};
		3B8BB2E123E8211200CA73F5 /* Resources */ = {
			isa = PBXResourcesBuildPhase;
			buildActionMask = 2147483647;
			files = (
			);
			runOnlyForDeploymentPostprocessing = 0;
		};
/* End PBXResourcesBuildPhase section */

/* Begin PBXSourcesBuildPhase section */
		3B8BB2C923E8211100CA73F5 /* Sources */ = {
			isa = PBXSourcesBuildPhase;
			buildActionMask = 2147483647;
			files = (
				3B8BB2D123E8211100CA73F5 /* AppDelegate.swift in Sources */,
				3B8BB2D323E8211100CA73F5 /* SceneDelegate.swift in Sources */,
				3B8BB2D523E8211100CA73F5 /* ContentView.swift in Sources */,
			);
			runOnlyForDeploymentPostprocessing = 0;
		};
		3B8BB2DF23E8211200CA73F5 /* Sources */ = {
			isa = PBXSourcesBuildPhase;
			buildActionMask = 2147483647;
			files = (
				3B8BB2E823E8211200CA73F5 /* _2_TextViewTests.swift in Sources */,
			);
			runOnlyForDeploymentPostprocessing = 0;
		};
/* End PBXSourcesBuildPhase section */

/* Begin PBXTargetDependency section */
		3B8BB2E523E8211200CA73F5 /* PBXTargetDependency */ = {
			isa = PBXTargetDependency;
			target = 3B8BB2CC23E8211100CA73F5 /* 02_TextView */;
			targetProxy = 3B8BB2E423E8211200CA73F5 /* PBXContainerItemProxy */;
		};
/* End PBXTargetDependency section */

/* Begin PBXVariantGroup section */
		3B8BB2DB23E8211200CA73F5 /* LaunchScreen.storyboard */ = {
			isa = PBXVariantGroup;
			children = (
				3B8BB2DC23E8211200CA73F5 /* Base */,
			);
			name = LaunchScreen.storyboard;
			sourceTree = "<group>";
		};
/* End PBXVariantGroup section */

/* Begin XCBuildConfiguration section */
		3B8BB2EA23E8211200CA73F5 /* Debug */ = {
			isa = XCBuildConfiguration;
			buildSettings = {
				ALWAYS_SEARCH_USER_PATHS = NO;
				CLANG_ANALYZER_NONNULL = YES;
				CLANG_ANALYZER_NUMBER_OBJECT_CONVERSION = YES_AGGRESSIVE;
				CLANG_CXX_LANGUAGE_STANDARD = "gnu++14";
				CLANG_CXX_LIBRARY = "libc++";
				CLANG_ENABLE_MODULES = YES;
				CLANG_ENABLE_OBJC_ARC = YES;
				CLANG_ENABLE_OBJC_WEAK = YES;
				CLANG_WARN_BLOCK_CAPTURE_AUTORELEASING = YES;
				CLANG_WARN_BOOL_CONVERSION = YES;
				CLANG_WARN_COMMA = YES;
				CLANG_WARN_CONSTANT_CONVERSION = YES;
				CLANG_WARN_DEPRECATED_OBJC_IMPLEMENTATIONS = YES;
				CLANG_WARN_DIRECT_OBJC_ISA_USAGE = YES_ERROR;
				CLANG_WARN_DOCUMENTATION_COMMENTS = YES;
				CLANG_WARN_EMPTY_BODY = YES;
				CLANG_WARN_ENUM_CONVERSION = YES;
				CLANG_WARN_INFINITE_RECURSION = YES;
				CLANG_WARN_INT_CONVERSION = YES;
				CLANG_WARN_NON_LITERAL_NULL_CONVERSION = YES;
				CLANG_WARN_OBJC_IMPLICIT_RETAIN_SELF = YES;
				CLANG_WARN_OBJC_LITERAL_CONVERSION = YES;
				CLANG_WARN_OBJC_ROOT_CLASS = YES_ERROR;
				CLANG_WARN_RANGE_LOOP_ANALYSIS = YES;
				CLANG_WARN_STRICT_PROTOTYPES = YES;
				CLANG_WARN_SUSPICIOUS_MOVE = YES;
				CLANG_WARN_UNGUARDED_AVAILABILITY = YES_AGGRESSIVE;
				CLANG_WARN_UNREACHABLE_CODE = YES;
				CLANG_WARN__DUPLICATE_METHOD_MATCH = YES;
				COPY_PHASE_STRIP = NO;
				DEBUG_INFORMATION_FORMAT = dwarf;
				ENABLE_STRICT_OBJC_MSGSEND = YES;
				ENABLE_TESTABILITY = YES;
				GCC_C_LANGUAGE_STANDARD = gnu11;
				GCC_DYNAMIC_NO_PIC = NO;
				GCC_NO_COMMON_BLOCKS = YES;
				GCC_OPTIMIZATION_LEVEL = 0;
				GCC_PREPROCESSOR_DEFINITIONS = (
					"DEBUG=1",
					"$(inherited)",
				);
				GCC_WARN_64_TO_32_BIT_CONVERSION = YES;
				GCC_WARN_ABOUT_RETURN_TYPE = YES_ERROR;
				GCC_WARN_UNDECLARED_SELECTOR = YES;
				GCC_WARN_UNINITIALIZED_AUTOS = YES_AGGRESSIVE;
				GCC_WARN_UNUSED_FUNCTION = YES;
				GCC_WARN_UNUSED_VARIABLE = YES;
				IPHONEOS_DEPLOYMENT_TARGET = 13.2;
				MTL_ENABLE_DEBUG_INFO = INCLUDE_SOURCE;
				MTL_FAST_MATH = YES;
				ONLY_ACTIVE_ARCH = YES;
				SDKROOT = iphoneos;
				SWIFT_ACTIVE_COMPILATION_CONDITIONS = DEBUG;
				SWIFT_OPTIMIZATION_LEVEL = "-Onone";
			};
			name = Debug;
		};
		3B8BB2EB23E8211200CA73F5 /* Release */ = {
			isa = XCBuildConfiguration;
			buildSettings = {
				ALWAYS_SEARCH_USER_PATHS = NO;
				CLANG_ANALYZER_NONNULL = YES;
				CLANG_ANALYZER_NUMBER_OBJECT_CONVERSION = YES_AGGRESSIVE;
				CLANG_CXX_LANGUAGE_STANDARD = "gnu++14";
				CLANG_CXX_LIBRARY = "libc++";
				CLANG_ENABLE_MODULES = YES;
				CLANG_ENABLE_OBJC_ARC = YES;
				CLANG_ENABLE_OBJC_WEAK = YES;
				CLANG_WARN_BLOCK_CAPTURE_AUTORELEASING = YES;
				CLANG_WARN_BOOL_CONVERSION = YES;
				CLANG_WARN_COMMA = YES;
				CLANG_WARN_CONSTANT_CONVERSION = YES;
				CLANG_WARN_DEPRECATED_OBJC_IMPLEMENTATIONS = YES;
				CLANG_WARN_DIRECT_OBJC_ISA_USAGE = YES_ERROR;
				CLANG_WARN_DOCUMENTATION_COMMENTS = YES;
				CLANG_WARN_EMPTY_BODY = YES;
				CLANG_WARN_ENUM_CONVERSION = YES;
				CLANG_WARN_INFINITE_RECURSION = YES;
				CLANG_WARN_INT_CONVERSION = YES;
				CLANG_WARN_NON_LITERAL_NULL_CONVERSION = YES;
				CLANG_WARN_OBJC_IMPLICIT_RETAIN_SELF = YES;
				CLANG_WARN_OBJC_LITERAL_CONVERSION = YES;
				CLANG_WARN_OBJC_ROOT_CLASS = YES_ERROR;
				CLANG_WARN_RANGE_LOOP_ANALYSIS = YES;
				CLANG_WARN_STRICT_PROTOTYPES = YES;
				CLANG_WARN_SUSPICIOUS_MOVE = YES;
				CLANG_WARN_UNGUARDED_AVAILABILITY = YES_AGGRESSIVE;
				CLANG_WARN_UNREACHABLE_CODE = YES;
				CLANG_WARN__DUPLICATE_METHOD_MATCH = YES;
				COPY_PHASE_STRIP = NO;
				DEBUG_INFORMATION_FORMAT = "dwarf-with-dsym";
				ENABLE_NS_ASSERTIONS = NO;
				ENABLE_STRICT_OBJC_MSGSEND = YES;
				GCC_C_LANGUAGE_STANDARD = gnu11;
				GCC_NO_COMMON_BLOCKS = YES;
				GCC_WARN_64_TO_32_BIT_CONVERSION = YES;
				GCC_WARN_ABOUT_RETURN_TYPE = YES_ERROR;
				GCC_WARN_UNDECLARED_SELECTOR = YES;
				GCC_WARN_UNINITIALIZED_AUTOS = YES_AGGRESSIVE;
				GCC_WARN_UNUSED_FUNCTION = YES;
				GCC_WARN_UNUSED_VARIABLE = YES;
				IPHONEOS_DEPLOYMENT_TARGET = 13.2;
				MTL_ENABLE_DEBUG_INFO = NO;
				MTL_FAST_MATH = YES;
				SDKROOT = iphoneos;
				SWIFT_COMPILATION_MODE = wholemodule;
				SWIFT_OPTIMIZATION_LEVEL = "-O";
				VALIDATE_PRODUCT = YES;
			};
			name = Release;
		};
		3B8BB2ED23E8211200CA73F5 /* Debug */ = {
			isa = XCBuildConfiguration;
			buildSettings = {
				ASSETCATALOG_COMPILER_APPICON_NAME = AppIcon;
				CODE_SIGN_STYLE = Automatic;
				DEVELOPMENT_ASSET_PATHS = "\"02_TextView/Preview Content\"";
				DEVELOPMENT_TEAM = AUK8JN73R5;
				ENABLE_PREVIEWS = YES;
				INFOPLIST_FILE = 02_TextView/Info.plist;
				LD_RUNPATH_SEARCH_PATHS = (
					"$(inherited)",
					"@executable_path/Frameworks",
				);
				PRODUCT_BUNDLE_IDENTIFIER = "com.example.-2-TextView";
				PRODUCT_NAME = "$(TARGET_NAME)";
				SWIFT_VERSION = 5.0;
				TARGETED_DEVICE_FAMILY = "1,2";
			};
			name = Debug;
		};
		3B8BB2EE23E8211200CA73F5 /* Release */ = {
			isa = XCBuildConfiguration;
			buildSettings = {
				ASSETCATALOG_COMPILER_APPICON_NAME = AppIcon;
				CODE_SIGN_STYLE = Automatic;
				DEVELOPMENT_ASSET_PATHS = "\"02_TextView/Preview Content\"";
				DEVELOPMENT_TEAM = AUK8JN73R5;
				ENABLE_PREVIEWS = YES;
				INFOPLIST_FILE = 02_TextView/Info.plist;
				LD_RUNPATH_SEARCH_PATHS = (
					"$(inherited)",
					"@executable_path/Frameworks",
				);
				PRODUCT_BUNDLE_IDENTIFIER = "com.example.-2-TextView";
				PRODUCT_NAME = "$(TARGET_NAME)";
				SWIFT_VERSION = 5.0;
				TARGETED_DEVICE_FAMILY = "1,2";
			};
			name = Release;
		};
		3B8BB2F023E8211200CA73F5 /* Debug */ = {
			isa = XCBuildConfiguration;
			buildSettings = {
				ALWAYS_EMBED_SWIFT_STANDARD_LIBRARIES = YES;
				BUNDLE_LOADER = "$(TEST_HOST)";
				CODE_SIGN_STYLE = Automatic;
				DEVELOPMENT_TEAM = AUK8JN73R5;
				INFOPLIST_FILE = 02_TextViewTests/Info.plist;
				IPHONEOS_DEPLOYMENT_TARGET = 13.2;
				LD_RUNPATH_SEARCH_PATHS = (
					"$(inherited)",
					"@executable_path/Frameworks",
					"@loader_path/Frameworks",
				);
				PRODUCT_BUNDLE_IDENTIFIER = "com.example.-2-TextViewTests";
				PRODUCT_NAME = "$(TARGET_NAME)";
				SWIFT_VERSION = 5.0;
				TARGETED_DEVICE_FAMILY = "1,2";
				TEST_HOST = "$(BUILT_PRODUCTS_DIR)/02_TextView.app/02_TextView";
			};
			name = Debug;
		};
		3B8BB2F123E8211200CA73F5 /* Release */ = {
			isa = XCBuildConfiguration;
			buildSettings = {
				ALWAYS_EMBED_SWIFT_STANDARD_LIBRARIES = YES;
				BUNDLE_LOADER = "$(TEST_HOST)";
				CODE_SIGN_STYLE = Automatic;
				DEVELOPMENT_TEAM = AUK8JN73R5;
				INFOPLIST_FILE = 02_TextViewTests/Info.plist;
				IPHONEOS_DEPLOYMENT_TARGET = 13.2;
				LD_RUNPATH_SEARCH_PATHS = (
					"$(inherited)",
					"@executable_path/Frameworks",
					"@loader_path/Frameworks",
				);
				PRODUCT_BUNDLE_IDENTIFIER = "com.example.-2-TextViewTests";
				PRODUCT_NAME = "$(TARGET_NAME)";
				SWIFT_VERSION = 5.0;
				TARGETED_DEVICE_FAMILY = "1,2";
				TEST_HOST = "$(BUILT_PRODUCTS_DIR)/02_TextView.app/02_TextView";
			};
			name = Release;
		};
/* End XCBuildConfiguration section */

/* Begin XCConfigurationList section */
		3B8BB2C823E8211100CA73F5 /* Build configuration list for PBXProject "02_TextView" */ = {
			isa = XCConfigurationList;
			buildConfigurations = (
				3B8BB2EA23E8211200CA73F5 /* Debug */,
				3B8BB2EB23E8211200CA73F5 /* Release */,
			);
			defaultConfigurationIsVisible = 0;
			defaultConfigurationName = Release;
		};
		3B8BB2EC23E8211200CA73F5 /* Build configuration list for PBXNativeTarget "02_TextView" */ = {
			isa = XCConfigurationList;
			buildConfigurations = (
				3B8BB2ED23E8211200CA73F5 /* Debug */,
				3B8BB2EE23E8211200CA73F5 /* Release */,
			);
			defaultConfigurationIsVisible = 0;
			defaultConfigurationName = Release;
		};
		3B8BB2EF23E8211200CA73F5 /* Build configuration list for PBXNativeTarget "02_TextViewTests" */ = {
			isa = XCConfigurationList;
			buildConfigurations = (
				3B8BB2F023E8211200CA73F5 /* Debug */,
				3B8BB2F123E8211200CA73F5 /* Release */,
			);
			defaultConfigurationIsVisible = 0;
			defaultConfigurationName = Release;
		};
/* End XCConfigurationList section */
	};
	rootObject = 3B8BB2C523E8211100CA73F5 /* Project object */;
}
